
Microsoft Visual Studio Solution File, Format Version 12.00
# Visual Studio Version 16
VisualStudioVersion = 16.0.29613.14
MinimumVisualStudioVersion = 10.0.40219.1
Project("{FAE04EC0-301F-11D3-BF4B-00C04F79EFBC}") = "GameServer", "MultiServer\GameServer.csproj", "{841DAD7C-427C-4F5A-9E39-4EE71EFE81D2}"
EndProject
Project("{FAE04EC0-301F-11D3-BF4B-00C04F79EFBC}") = "FormMultiClient", "FormMultiClient\FormMultiClient.csproj", "{65AFCA94-19F0-455B-85FF-1519E5EF1A01}"
EndProject
Global
	GlobalSection(SolutionConfigurationPlatforms) = preSolution
		Debug|Any CPU = Debug|Any CPU
		Release|Any CPU = Release|Any CPU
	EndGlobalSection
	GlobalSection(ProjectConfigurationPlatforms) = postSolution
		{841DAD7C-427C-4F5A-9E39-4EE71EFE81D2}.Debug|Any CPU.ActiveCfg = Debug|Any CPU
		{841DAD7C-427C-4F5A-9E39-4EE71EFE81D2}.Debug|Any CPU.Build.0 = Debug|Any CPU
		{841DAD7C-427C-4F5A-9E39-4EE71EFE81D2}.Release|Any CPU.ActiveCfg = Release|Any CPU
		{841DAD7C-427C-4F5A-9E39-4EE71EFE81D2}.Release|Any CPU.Build.0 = Release|Any CPU
		{65AFCA94-19F0-455B-85FF-1519E5EF1A01}.Debug|Any CPU.ActiveCfg = Debug|Any CPU
		{65AFCA94-19F0-455B-85FF-1519E5EF1A01}.Debug|Any CPU.Build.0 = Debug|Any CPU
		{65AFCA94-19F0-455B-85FF-1519E5EF1A01}.Release|Any CPU.ActiveCfg = Release|Any CPU
		{65AFCA94-19F0-455B-85FF-1519E5EF1A01}.Release|Any CPU.Build.0 = Release|Any CPU
	EndGlobalSection
	GlobalSection(SolutionProperties) = preSolution
		HideSolutionNode = FALSE
	EndGlobalSection
	GlobalSection(ExtensibilityGlobals) = postSolution
		SolutionGuid = {4B02D850-B813-4E14-A991-5DCAA7B4F2A4}
	EndGlobalSection
EndGlobal
